
Microsoft Visual Studio Solution File, Format Version 12.00
# Visual Studio Version 16
VisualStudioVersion = 16.0.808.3
MinimumVisualStudioVersion = 10.0.40219.1
Project("{FAE04EC0-301F-11D3-BF4B-00C04F79EFBC}") = "HealthCheck", "HealthCheck.csproj", "{7CB2FA95-D20F-4540-8B1A-B7962D8515AA}"
EndProject
Global
	GlobalSection(SolutionConfigurationPlatforms) = preSolution
		Debug|Any CPU = Debug|Any CPU
		Release|Any CPU = Release|Any CPU
	EndGlobalSection
	GlobalSection(ProjectConfigurationPlatforms) = postSolution
		{7CB2FA95-D20F-4540-8B1A-B7962D8515AA}.Debug|Any CPU.ActiveCfg = Debug|Any CPU
		{7CB2FA95-D20F-4540-8B1A-B7962D8515AA}.Debug|Any CPU.Build.0 = Debug|Any CPU
		{7CB2FA95-D20F-4540-8B1A-B7962D8515AA}.Release|Any CPU.ActiveCfg = Release|Any CPU
		{7CB2FA95-D20F-4540-8B1A-B7962D8515AA}.Release|Any CPU.Build.0 = Release|Any CPU
	EndGlobalSection
	GlobalSection(SolutionProperties) = preSolution
		HideSolutionNode = FALSE
	EndGlobalSection
	GlobalSection(ExtensibilityGlobals) = postSolution
		SolutionGuid = {5E78E352-06A0-4935-8EF2-F8026B936998}
	EndGlobalSection
EndGlobal
